// !$*UTF8*$!
{
	archiveVersion = 1;
	classes = {
	};
	objectVersion = 56;
	objects = {

/* Begin PBXBuildFile section */
		A53C0BD82A9CEBF800777B07 /* AppDelegate.swift in Sources */ = {isa = PBXBuildFile; fileRef = A53C0BD72A9CEBF800777B07 /* AppDelegate.swift */; };
		A53C0BDA2A9CEBF800777B07 /* SceneDelegate.swift in Sources */ = {isa = PBXBuildFile; fileRef = A53C0BD92A9CEBF800777B07 /* SceneDelegate.swift */; };
		A53C0BDC2A9CEBF800777B07 /* ViewController.swift in Sources */ = {isa = PBXBuildFile; fileRef = A53C0BDB2A9CEBF800777B07 /* ViewController.swift */; };
		A53C0BDF2A9CEBF800777B07 /* Main.storyboard in Resources */ = {isa = PBXBuildFile; fileRef = A53C0BDD2A9CEBF800777B07 /* Main.storyboard */; };
		A53C0BE12A9CEBFB00777B07 /* Assets.xcassets in Resources */ = {isa = PBXBuildFile; fileRef = A53C0BE02A9CEBFB00777B07 /* Assets.xcassets */; };
		A53C0BE42A9CEBFB00777B07 /* LaunchScreen.storyboard in Resources */ = {isa = PBXBuildFile; fileRef = A53C0BE22A9CEBFB00777B07 /* LaunchScreen.storyboard */; };
		A5C247312A9F2BA7003426CA /* SwipingController.swift in Sources */ = {isa = PBXBuildFile; fileRef = A5C247302A9F2BA7003426CA /* SwipingController.swift */; };
		A5C247332A9F322C003426CA /* PageCell.swift in Sources */ = {isa = PBXBuildFile; fileRef = A5C247322A9F322C003426CA /* PageCell.swift */; };
		A5C247352A9F5113003426CA /* Page.swift in Sources */ = {isa = PBXBuildFile; fileRef = A5C247342A9F5113003426CA /* Page.swift */; };
/* End PBXBuildFile section */

/* Begin PBXFileReference section */
		A53C0BD42A9CEBF800777B07 /* AutoLayoutApp.app */ = {isa = PBXFileReference; explicitFileType = wrapper.application; includeInIndex = 0; path = AutoLayoutApp.app; sourceTree = BUILT_PRODUCTS_DIR; };
		A53C0BD72A9CEBF800777B07 /* AppDelegate.swift */ = {isa = PBXFileReference; lastKnownFileType = sourcecode.swift; path = AppDelegate.swift; sourceTree = "<group>"; };
		A53C0BD92A9CEBF800777B07 /* SceneDelegate.swift */ = {isa = PBXFileReference; lastKnownFileType = sourcecode.swift; path = SceneDelegate.swift; sourceTree = "<group>"; };
		A53C0BDB2A9CEBF800777B07 /* ViewController.swift */ = {isa = PBXFileReference; lastKnownFileType = sourcecode.swift; path = ViewController.swift; sourceTree = "<group>"; };
		A53C0BDE2A9CEBF800777B07 /* Base */ = {isa = PBXFileReference; lastKnownFileType = file.storyboard; name = Base; path = Base.lproj/Main.storyboard; sourceTree = "<group>"; };
		A53C0BE02A9CEBFB00777B07 /* Assets.xcassets */ = {isa = PBXFileReference; lastKnownFileType = folder.assetcatalog; path = Assets.xcassets; sourceTree = "<group>"; };
		A53C0BE32A9CEBFB00777B07 /* Base */ = {isa = PBXFileReference; lastKnownFileType = file.storyboard; name = Base; path = Base.lproj/LaunchScreen.storyboard; sourceTree = "<group>"; };
		A53C0BE52A9CEBFB00777B07 /* Info.plist */ = {isa = PBXFileReference; lastKnownFileType = text.plist.xml; path = Info.plist; sourceTree = "<group>"; };
		A5C247302A9F2BA7003426CA /* SwipingController.swift */ = {isa = PBXFileReference; lastKnownFileType = sourcecode.swift; path = SwipingController.swift; sourceTree = "<group>"; };
		A5C247322A9F322C003426CA /* PageCell.swift */ = {isa = PBXFileReference; lastKnownFileType = sourcecode.swift; path = PageCell.swift; sourceTree = "<group>"; };
		A5C247342A9F5113003426CA /* Page.swift */ = {isa = PBXFileReference; lastKnownFileType = sourcecode.swift; path = Page.swift; sourceTree = "<group>"; };
/* End PBXFileReference section */

/* Begin PBXFrameworksBuildPhase section */
		A53C0BD12A9CEBF800777B07 /* Frameworks */ = {
			isa = PBXFrameworksBuildPhase;
			buildActionMask = 2147483647;
			files = (
			);
			runOnlyForDeploymentPostprocessing = 0;
		};
/* End PBXFrameworksBuildPhase section */

/* Begin PBXGroup section */
		A53C0BCB2A9CEBF800777B07 = {
			isa = PBXGroup;
			children = (
				A53C0BD62A9CEBF800777B07 /* AutoLayoutApp */,
				A53C0BD52A9CEBF800777B07 /* Products */,
			);
			sourceTree = "<group>";
		};
		A53C0BD52A9CEBF800777B07 /* Products */ = {
			isa = PBXGroup;
			children = (
				A53C0BD42A9CEBF800777B07 /* AutoLayoutApp.app */,
			);
			name = Products;
			sourceTree = "<group>";
		};
		A53C0BD62A9CEBF800777B07 /* AutoLayoutApp */ = {
			isa = PBXGroup;
			children = (
				A53C0BD72A9CEBF800777B07 /* AppDelegate.swift */,
				A53C0BD92A9CEBF800777B07 /* SceneDelegate.swift */,
				A53C0BDB2A9CEBF800777B07 /* ViewController.swift */,
				A53C0BDD2A9CEBF800777B07 /* Main.storyboard */,
				A53C0BE02A9CEBFB00777B07 /* Assets.xcassets */,
				A53C0BE22A9CEBFB00777B07 /* LaunchScreen.storyboard */,
				A53C0BE52A9CEBFB00777B07 /* Info.plist */,
				A5C247302A9F2BA7003426CA /* SwipingController.swift */,
				A5C247322A9F322C003426CA /* PageCell.swift */,
				A5C247342A9F5113003426CA /* Page.swift */,
			);
			path = AutoLayoutApp;
			sourceTree = "<group>";
		};
/* End PBXGroup section */

/* Begin PBXNativeTarget section */
		A53C0BD32A9CEBF800777B07 /* AutoLayoutApp */ = {
			isa = PBXNativeTarget;
			buildConfigurationList = A53C0BE82A9CEBFB00777B07 /* Build configuration list for PBXNativeTarget "AutoLayoutApp" */;
			buildPhases = (
				A53C0BD02A9CEBF800777B07 /* Sources */,
				A53C0BD12A9CEBF800777B07 /* Frameworks */,
				A53C0BD22A9CEBF800777B07 /* Resources */,
			);
			buildRules = (
			);
			dependencies = (
			);
			name = AutoLayoutApp;
			productName = AutoLayoutApp;
			productReference = A53C0BD42A9CEBF800777B07 /* AutoLayoutApp.app */;
			productType = "com.apple.product-type.application";
		};
/* End PBXNativeTarget section */

/* Begin PBXProject section */
		A53C0BCC2A9CEBF800777B07 /* Project object */ = {
			isa = PBXProject;
			attributes = {
				BuildIndependentTargetsInParallel = 1;
				LastSwiftUpdateCheck = 1430;
				LastUpgradeCheck = 1430;
				TargetAttributes = {
					A53C0BD32A9CEBF800777B07 = {
						CreatedOnToolsVersion = 14.3.1;
					};
				};
			};
			buildConfigurationList = A53C0BCF2A9CEBF800777B07 /* Build configuration list for PBXProject "AutoLayoutApp" */;
			compatibilityVersion = "Xcode 14.0";
			developmentRegion = en;
			hasScannedForEncodings = 0;
			knownRegions = (
				en,
				Base,
			);
			mainGroup = A53C0BCB2A9CEBF800777B07;
			productRefGroup = A53C0BD52A9CEBF800777B07 /* Products */;
			projectDirPath = "";
			projectRoot = "";
			targets = (
				A53C0BD32A9CEBF800777B07 /* AutoLayoutApp */,
			);
		};
/* End PBXProject section */

/* Begin PBXResourcesBuildPhase section */
		A53C0BD22A9CEBF800777B07 /* Resources */ = {
			isa = PBXResourcesBuildPhase;
			buildActionMask = 2147483647;
			files = (
				A53C0BE42A9CEBFB00777B07 /* LaunchScreen.storyboard in Resources */,
				A53C0BE12A9CEBFB00777B07 /* Assets.xcassets in Resources */,
				A53C0BDF2A9CEBF800777B07 /* Main.storyboard in Resources */,
			);
			runOnlyForDeploymentPostprocessing = 0;
		};
/* End PBXResourcesBuildPhase section */

/* Begin PBXSourcesBuildPhase section */
		A53C0BD02A9CEBF800777B07 /* Sources */ = {
			isa = PBXSourcesBuildPhase;
			buildActionMask = 2147483647;
			files = (
				A53C0BDC2A9CEBF800777B07 /* ViewController.swift in Sources */,
				A5C247332A9F322C003426CA /* PageCell.swift in Sources */,
				A5C247352A9F5113003426CA /* Page.swift in Sources */,
				A53C0BD82A9CEBF800777B07 /* AppDelegate.swift in Sources */,
				A53C0BDA2A9CEBF800777B07 /* SceneDelegate.swift in Sources */,
				A5C247312A9F2BA7003426CA /* SwipingController.swift in Sources */,
			);
			runOnlyForDeploymentPostprocessing = 0;
		};
/* End PBXSourcesBuildPhase section */

/* Begin PBXVariantGroup section */
		A53C0BDD2A9CEBF800777B07 /* Main.storyboard */ = {
			isa = PBXVariantGroup;
			children = (
				A53C0BDE2A9CEBF800777B07 /* Base */,
			);
			name = Main.storyboard;
			sourceTree = "<group>";
		};
		A53C0BE22A9CEBFB00777B07 /* LaunchScreen.storyboard */ = {
			isa = PBXVariantGroup;
			children = (
				A53C0BE32A9CEBFB00777B07 /* Base */,
			);
			name = LaunchScreen.storyboard;
			sourceTree = "<group>";
		};
/* End PBXVariantGroup section */

/* Begin XCBuildConfiguration section */
		A53C0BE62A9CEBFB00777B07 /* Debug */ = {
			isa = XCBuildConfiguration;
			buildSettings = {
				ALWAYS_SEARCH_USER_PATHS = NO;
				CLANG_ANALYZER_NONNULL = YES;
				CLANG_ANALYZER_NUMBER_OBJECT_CONVERSION = YES_AGGRESSIVE;
				CLANG_CXX_LANGUAGE_STANDARD = "gnu++20";
				CLANG_ENABLE_MODULES = YES;
				CLANG_ENABLE_OBJC_ARC = YES;
				CLANG_ENABLE_OBJC_WEAK = YES;
				CLANG_WARN_BLOCK_CAPTURE_AUTORELEASING = YES;
				CLANG_WARN_BOOL_CONVERSION = YES;
				CLANG_WARN_COMMA = YES;
				CLANG_WARN_CONSTANT_CONVERSION = YES;
				CLANG_WARN_DEPRECATED_OBJC_IMPLEMENTATIONS = YES;
				CLANG_WARN_DIRECT_OBJC_ISA_USAGE = YES_ERROR;
				CLANG_WARN_DOCUMENTATION_COMMENTS = YES;
				CLANG_WARN_EMPTY_BODY = YES;
				CLANG_WARN_ENUM_CONVERSION = YES;
				CLANG_WARN_INFINITE_RECURSION = YES;
				CLANG_WARN_INT_CONVERSION = YES;
				CLANG_WARN_NON_LITERAL_NULL_CONVERSION = YES;
				CLANG_WARN_OBJC_IMPLICIT_RETAIN_SELF = YES;
				CLANG_WARN_OBJC_LITERAL_CONVERSION = YES;
				CLANG_WARN_OBJC_ROOT_CLASS = YES_ERROR;
				CLANG_WARN_QUOTED_INCLUDE_IN_FRAMEWORK_HEADER = YES;
				CLANG_WARN_RANGE_LOOP_ANALYSIS = YES;
				CLANG_WARN_STRICT_PROTOTYPES = YES;
				CLANG_WARN_SUSPICIOUS_MOVE = YES;
				CLANG_WARN_UNGUARDED_AVAILABILITY = YES_AGGRESSIVE;
				CLANG_WARN_UNREACHABLE_CODE = YES;
				CLANG_WARN__DUPLICATE_METHOD_MATCH = YES;
				COPY_PHASE_STRIP = NO;
				DEBUG_INFORMATION_FORMAT = dwarf;
				ENABLE_STRICT_OBJC_MSGSEND = YES;
				ENABLE_TESTABILITY = YES;
				GCC_C_LANGUAGE_STANDARD = gnu11;
				GCC_DYNAMIC_NO_PIC = NO;
				GCC_NO_COMMON_BLOCKS = YES;
				GCC_OPTIMIZATION_LEVEL = 0;
				GCC_PREPROCESSOR_DEFINITIONS = (
					"DEBUG=1",
					"$(inherited)",
				);
				GCC_WARN_64_TO_32_BIT_CONVERSION = YES;
				GCC_WARN_ABOUT_RETURN_TYPE = YES_ERROR;
				GCC_WARN_UNDECLARED_SELECTOR = YES;
				GCC_WARN_UNINITIALIZED_AUTOS = YES_AGGRESSIVE;
				GCC_WARN_UNUSED_FUNCTION = YES;
				GCC_WARN_UNUSED_VARIABLE = YES;
				IPHONEOS_DEPLOYMENT_TARGET = 16.4;
				MTL_ENABLE_DEBUG_INFO = INCLUDE_SOURCE;
				MTL_FAST_MATH = YES;
				ONLY_ACTIVE_ARCH = YES;
				SDKROOT = iphoneos;
				SWIFT_ACTIVE_COMPILATION_CONDITIONS = DEBUG;
				SWIFT_OPTIMIZATION_LEVEL = "-Onone";
			};
			name = Debug;
		};
		A53C0BE72A9CEBFB00777B07 /* Release */ = {
			isa = XCBuildConfiguration;
			buildSettings = {
				ALWAYS_SEARCH_USER_PATHS = NO;
				CLANG_ANALYZER_NONNULL = YES;
				CLANG_ANALYZER_NUMBER_OBJECT_CONVERSION = YES_AGGRESSIVE;
				CLANG_CXX_LANGUAGE_STANDARD = "gnu++20";
				CLANG_ENABLE_MODULES = YES;
				CLANG_ENABLE_OBJC_ARC = YES;
				CLANG_ENABLE_OBJC_WEAK = YES;
				CLANG_WARN_BLOCK_CAPTURE_AUTORELEASING = YES;
				CLANG_WARN_BOOL_CONVERSION = YES;
				CLANG_WARN_COMMA = YES;
				CLANG_WARN_CONSTANT_CONVERSION = YES;
				CLANG_WARN_DEPRECATED_OBJC_IMPLEMENTATIONS = YES;
				CLANG_WARN_DIRECT_OBJC_ISA_USAGE = YES_ERROR;
				CLANG_WARN_DOCUMENTATION_COMMENTS = YES;
				CLANG_WARN_EMPTY_BODY = YES;
				CLANG_WARN_ENUM_CONVERSION = YES;
				CLANG_WARN_INFINITE_RECURSION = YES;
				CLANG_WARN_INT_CONVERSION = YES;
				CLANG_WARN_NON_LITERAL_NULL_CONVERSION = YES;
				CLANG_WARN_OBJC_IMPLICIT_RETAIN_SELF = YES;
				CLANG_WARN_OBJC_LITERAL_CONVERSION = YES;
				CLANG_WARN_OBJC_ROOT_CLASS = YES_ERROR;
				CLANG_WARN_QUOTED_INCLUDE_IN_FRAMEWORK_HEADER = YES;
				CLANG_WARN_RANGE_LOOP_ANALYSIS = YES;
				CLANG_WARN_STRICT_PROTOTYPES = YES;
				CLANG_WARN_SUSPICIOUS_MOVE = YES;
				CLANG_WARN_UNGUARDED_AVAILABILITY = YES_AGGRESSIVE;
				CLANG_WARN_UNREACHABLE_CODE = YES;
				CLANG_WARN__DUPLICATE_METHOD_MATCH = YES;
				COPY_PHASE_STRIP = NO;
				DEBUG_INFORMATION_FORMAT = "dwarf-with-dsym";
				ENABLE_NS_ASSERTIONS = NO;
				ENABLE_STRICT_OBJC_MSGSEND = YES;
				GCC_C_LANGUAGE_STANDARD = gnu11;
				GCC_NO_COMMON_BLOCKS = YES;
				GCC_WARN_64_TO_32_BIT_CONVERSION = YES;
				GCC_WARN_ABOUT_RETURN_TYPE = YES_ERROR;
				GCC_WARN_UNDECLARED_SELECTOR = YES;
				GCC_WARN_UNINITIALIZED_AUTOS = YES_AGGRESSIVE;
				GCC_WARN_UNUSED_FUNCTION = YES;
				GCC_WARN_UNUSED_VARIABLE = YES;
				IPHONEOS_DEPLOYMENT_TARGET = 16.4;
				MTL_ENABLE_DEBUG_INFO = NO;
				MTL_FAST_MATH = YES;
				SDKROOT = iphoneos;
				SWIFT_COMPILATION_MODE = wholemodule;
				SWIFT_OPTIMIZATION_LEVEL = "-O";
				VALIDATE_PRODUCT = YES;
			};
			name = Release;
		};
		A53C0BE92A9CEBFB00777B07 /* Debug */ = {
			isa = XCBuildConfiguration;
			buildSettings = {
				ASSETCATALOG_COMPILER_APPICON_NAME = AppIcon;
				ASSETCATALOG_COMPILER_GLOBAL_ACCENT_COLOR_NAME = AccentColor;
				CODE_SIGN_STYLE = Automatic;
				CURRENT_PROJECT_VERSION = 1;
				DEVELOPMENT_TEAM = UGRV4X5Q52;
				GENERATE_INFOPLIST_FILE = YES;
				INFOPLIST_FILE = AutoLayoutApp/Info.plist;
				INFOPLIST_KEY_UIApplicationSupportsIndirectInputEvents = YES;
				INFOPLIST_KEY_UILaunchStoryboardName = LaunchScreen;
				INFOPLIST_KEY_UIMainStoryboardFile = Main;
				INFOPLIST_KEY_UISupportedInterfaceOrientations_iPad = "UIInterfaceOrientationPortrait UIInterfaceOrientationPortraitUpsideDown UIInterfaceOrientationLandscapeLeft UIInterfaceOrientationLandscapeRight";
				INFOPLIST_KEY_UISupportedInterfaceOrientations_iPhone = "UIInterfaceOrientationPortrait UIInterfaceOrientationLandscapeLeft UIInterfaceOrientationLandscapeRight";
				LD_RUNPATH_SEARCH_PATHS = (
					"$(inherited)",
					"@executable_path/Frameworks",
				);
				MARKETING_VERSION = 1.0;
				PRODUCT_BUNDLE_IDENTIFIER = com.AutoLayoutApp.zast4;
				PRODUCT_NAME = "$(TARGET_NAME)";
				SWIFT_EMIT_LOC_STRINGS = YES;
				SWIFT_VERSION = 5.0;
				TARGETED_DEVICE_FAMILY = "1,2";
			};
			name = Debug;
		};
		A53C0BEA2A9CEBFB00777B07 /* Release */ = {
			isa = XCBuildConfiguration;
			buildSettings = {
				ASSETCATALOG_COMPILER_APPICON_NAME = AppIcon;
				ASSETCATALOG_COMPILER_GLOBAL_ACCENT_COLOR_NAME = AccentColor;
				CODE_SIGN_STYLE = Automatic;
				CURRENT_PROJECT_VERSION = 1;
				DEVELOPMENT_TEAM = UGRV4X5Q52;
				GENERATE_INFOPLIST_FILE = YES;
				INFOPLIST_FILE = AutoLayoutApp/Info.plist;
				INFOPLIST_KEY_UIApplicationSupportsIndirectInputEvents = YES;
				INFOPLIST_KEY_UILaunchStoryboardName = LaunchScreen;
				INFOPLIST_KEY_UIMainStoryboardFile = Main;
				INFOPLIST_KEY_UISupportedInterfaceOrientations_iPad = "UIInterfaceOrientationPortrait UIInterfaceOrientationPortraitUpsideDown UIInterfaceOrientationLandscapeLeft UIInterfaceOrientationLandscapeRight";
				INFOPLIST_KEY_UISupportedInterfaceOrientations_iPhone = "UIInterfaceOrientationPortrait UIInterfaceOrientationLandscapeLeft UIInterfaceOrientationLandscapeRight";
				LD_RUNPATH_SEARCH_PATHS = (
					"$(inherited)",
					"@executable_path/Frameworks",
				);
				MARKETING_VERSION = 1.0;
				PRODUCT_BUNDLE_IDENTIFIER = com.AutoLayoutApp.zast4;
				PRODUCT_NAME = "$(TARGET_NAME)";
				SWIFT_EMIT_LOC_STRINGS = YES;
				SWIFT_VERSION = 5.0;
				TARGETED_DEVICE_FAMILY = "1,2";
			};
			name = Release;
		};
/* End XCBuildConfiguration section */

/* Begin XCConfigurationList section */
		A53C0BCF2A9CEBF800777B07 /* Build configuration list for PBXProject "AutoLayoutApp" */ = {
			isa = XCConfigurationList;
			buildConfigurations = (
				A53C0BE62A9CEBFB00777B07 /* Debug */,
				A53C0BE72A9CEBFB00777B07 /* Release */,
			);
			defaultConfigurationIsVisible = 0;
			defaultConfigurationName = Release;
		};
		A53C0BE82A9CEBFB00777B07 /* Build configuration list for PBXNativeTarget "AutoLayoutApp" */ = {
			isa = XCConfigurationList;
			buildConfigurations = (
				A53C0BE92A9CEBFB00777B07 /* Debug */,
				A53C0BEA2A9CEBFB00777B07 /* Release */,
			);
			defaultConfigurationIsVisible = 0;
			defaultConfigurationName = Release;
		};
/* End XCConfigurationList section */
	};
	rootObject = A53C0BCC2A9CEBF800777B07 /* Project object */;
}
